
Microsoft Visual Studio Solution File, Format Version 12.00
# Visual Studio Version 17
VisualStudioVersion = 17.14.36518.9 d17.14
MinimumVisualStudioVersion = 10.0.40219.1
Project("{FAE04EC0-301F-11D3-BF4B-00C04F79EFBC}") = "MVC.Pl", "MVC.Pl\MVC.Pl.csproj", "{31D4B81B-64E9-46B1-8B0B-29E050EC5211}"
EndProject
Project("{FAE04EC0-301F-11D3-BF4B-00C04F79EFBC}") = "MVC.DAL", "MVC.DAL\MVC.DAL.csproj", "{60E2EDDF-03C8-413E-80CD-766BA187EB54}"
EndProject
Project("{FAE04EC0-301F-11D3-BF4B-00C04F79EFBC}") = "MVC.BLL", "MVC.BLL\MVC.BLL.csproj", "{BA9CC663-58B5-4697-8CC9-B3B651B7AA98}"
EndProject
Global
	GlobalSection(SolutionConfigurationPlatforms) = preSolution
		Debug|Any CPU = Debug|Any CPU
		Release|Any CPU = Release|Any CPU
	EndGlobalSection
	GlobalSection(ProjectConfigurationPlatforms) = postSolution
		{31D4B81B-64E9-46B1-8B0B-29E050EC5211}.Debug|Any CPU.ActiveCfg = Debug|Any CPU
		{31D4B81B-64E9-46B1-8B0B-29E050EC5211}.Debug|Any CPU.Build.0 = Debug|Any CPU
		{31D4B81B-64E9-46B1-8B0B-29E050EC5211}.Release|Any CPU.ActiveCfg = Release|Any CPU
		{31D4B81B-64E9-46B1-8B0B-29E050EC5211}.Release|Any CPU.Build.0 = Release|Any CPU
		{60E2EDDF-03C8-413E-80CD-766BA187EB54}.Debug|Any CPU.ActiveCfg = Debug|Any CPU
		{60E2EDDF-03C8-413E-80CD-766BA187EB54}.Debug|Any CPU.Build.0 = Debug|Any CPU
		{60E2EDDF-03C8-413E-80CD-766BA187EB54}.Release|Any CPU.ActiveCfg = Release|Any CPU
		{60E2EDDF-03C8-413E-80CD-766BA187EB54}.Release|Any CPU.Build.0 = Release|Any CPU
		{BA9CC663-58B5-4697-8CC9-B3B651B7AA98}.Debug|Any CPU.ActiveCfg = Debug|Any CPU
		{BA9CC663-58B5-4697-8CC9-B3B651B7AA98}.Debug|Any CPU.Build.0 = Debug|Any CPU
		{BA9CC663-58B5-4697-8CC9-B3B651B7AA98}.Release|Any CPU.ActiveCfg = Release|Any CPU
		{BA9CC663-58B5-4697-8CC9-B3B651B7AA98}.Release|Any CPU.Build.0 = Release|Any CPU
	EndGlobalSection
	GlobalSection(SolutionProperties) = preSolution
		HideSolutionNode = FALSE
	EndGlobalSection
	GlobalSection(ExtensibilityGlobals) = postSolution
		SolutionGuid = {8B63895F-499A-480B-9729-E5F836B5FCDD}
	EndGlobalSection
EndGlobal
